
Microsoft Visual Studio Solution File, Format Version 12.00
# Visual Studio Version 16
VisualStudioVersion = 16.0.31129.286
MinimumVisualStudioVersion = 10.0.40219.1
Project("{FAE04EC0-301F-11D3-BF4B-00C04F79EFBC}") = "AuthorizeFilter", "AuthorizeFilter\AuthorizeFilter.csproj", "{FCD448E8-01E0-410D-948F-9873BD2F44EE}"
EndProject
Global
	GlobalSection(SolutionConfigurationPlatforms) = preSolution
		Debug|Any CPU = Debug|Any CPU
		Release|Any CPU = Release|Any CPU
	EndGlobalSection
	GlobalSection(ProjectConfigurationPlatforms) = postSolution
		{FCD448E8-01E0-410D-948F-9873BD2F44EE}.Debug|Any CPU.ActiveCfg = Debug|Any CPU
		{FCD448E8-01E0-410D-948F-9873BD2F44EE}.Debug|Any CPU.Build.0 = Debug|Any CPU
		{FCD448E8-01E0-410D-948F-9873BD2F44EE}.Release|Any CPU.ActiveCfg = Release|Any CPU
		{FCD448E8-01E0-410D-948F-9873BD2F44EE}.Release|Any CPU.Build.0 = Release|Any CPU
	EndGlobalSection
	GlobalSection(SolutionProperties) = preSolution
		HideSolutionNode = FALSE
	EndGlobalSection
	GlobalSection(ExtensibilityGlobals) = postSolution
		SolutionGuid = {5B61E4AE-BC64-4EC2-AEAA-E0D6E34956F2}
	EndGlobalSection
EndGlobal
